
Microsoft Visual Studio Solution File, Format Version 12.00
# Visual Studio 2012
Project("{FAE04EC0-301F-11D3-BF4B-00C04F79EFBC}") = "JVFloatSharp", "JVFloatSharp\JVFloatSharp.csproj", "{FA0EADA9-28BC-40E3-8292-C5864907404B}"
EndProject
Global
	GlobalSection(SolutionConfigurationPlatforms) = preSolution
		Debug|Any CPU = Debug|Any CPU
		Release|Any CPU = Release|Any CPU
	EndGlobalSection
	GlobalSection(ProjectConfigurationPlatforms) = postSolution
		{FA0EADA9-28BC-40E3-8292-C5864907404B}.Debug|Any CPU.ActiveCfg = Debug|Any CPU
		{FA0EADA9-28BC-40E3-8292-C5864907404B}.Debug|Any CPU.Build.0 = Debug|Any CPU
		{FA0EADA9-28BC-40E3-8292-C5864907404B}.Release|Any CPU.ActiveCfg = Release|Any CPU
		{FA0EADA9-28BC-40E3-8292-C5864907404B}.Release|Any CPU.Build.0 = Release|Any CPU
	EndGlobalSection
	GlobalSection(MonoDevelopProperties) = preSolution
		StartupItem = JVFloatSharp\JVFloatSharp.csproj
	EndGlobalSection
EndGlobal
